
Microsoft Visual Studio Solution File, Format Version 12.00
# Visual Studio Version 16
VisualStudioVersion = 16.0.30611.23
MinimumVisualStudioVersion = 10.0.40219.1
Project("{FAE04EC0-301F-11D3-BF4B-00C04F79EFBC}") = "winforms oefeningen", "winforms oefeningen\winforms oefeningen.csproj", "{83CF6697-1900-4583-97B6-E314FE30FFF8}"
EndProject
Global
	GlobalSection(SolutionConfigurationPlatforms) = preSolution
		Debug|Any CPU = Debug|Any CPU
		Release|Any CPU = Release|Any CPU
	EndGlobalSection
	GlobalSection(ProjectConfigurationPlatforms) = postSolution
		{83CF6697-1900-4583-97B6-E314FE30FFF8}.Debug|Any CPU.ActiveCfg = Debug|Any CPU
		{83CF6697-1900-4583-97B6-E314FE30FFF8}.Debug|Any CPU.Build.0 = Debug|Any CPU
		{83CF6697-1900-4583-97B6-E314FE30FFF8}.Release|Any CPU.ActiveCfg = Release|Any CPU
		{83CF6697-1900-4583-97B6-E314FE30FFF8}.Release|Any CPU.Build.0 = Release|Any CPU
	EndGlobalSection
	GlobalSection(SolutionProperties) = preSolution
		HideSolutionNode = FALSE
	EndGlobalSection
	GlobalSection(ExtensibilityGlobals) = postSolution
		SolutionGuid = {570D3647-9D5D-4F1A-9850-C8BA016A6B9E}
	EndGlobalSection
EndGlobal
